{
  "name": "archimedes-color",
  "version": "1.1.0",
  "lockfileVersion": 3,
  "requires": true,
  "packages": {
    "": {
      "name": "archimedes-color",
      "version": "1.1.0",
      "license": "ISC",
      "dependencies": {
        "cli-interact": "^0.1.9"
      }
    },
    "node_modules/cli-interact": {
      "version": "0.1.9",
      "resolved": "https://registry.npmjs.org/cli-interact/-/cli-interact-0.1.9.tgz",
      "integrity": "sha512-QHrR2djQOfT1WfHSj9DidBGp+ImgV3t9dTP4cPWTnt9fnOcZqBzCoqd2RysWSIgUXuer5WpmKuT1jqjvwoxdCQ==",
      "dependencies": {
        "readline-sync": "~0.4.9"
      },
      "engines": {
        "node": ">= 0.8.0"
      }
    },
    "node_modules/readline-sync": {
      "version": "0.4.10",
      "resolved": "https://registry.npmjs.org/readline-sync/-/readline-sync-0.4.10.tgz",
      "integrity": "sha512-q/RyXCZ+49a7octyBMENisHi11JVcnNORLDKEdKEzUnBBiszElOtdCY+wJKPCnwHuh/8+yfDoptGL7D79yUOLw==",
      "engines": {
        "node": ">= 0.8.0"
      }
    }
  }
}
